// !$*UTF8*$!
{
	archiveVersion = 1;
	classes = {
	};
	objectVersion = 77;
	objects = {

/* Begin PBXContainerItemProxy section */
		9E5EECBB2CC58717004A8C9D /* PBXContainerItemProxy */ = {
			isa = PBXContainerItemProxy;
			containerPortal = 9E5EECA22CC58715004A8C9D /* Project object */;
			proxyType = 1;
			remoteGlobalIDString = 9E5EECA92CC58715004A8C9D;
			remoteInfo = "AI Study App";
		};
		9E5EECC52CC58717004A8C9D /* PBXContainerItemProxy */ = {
			isa = PBXContainerItemProxy;
			containerPortal = 9E5EECA22CC58715004A8C9D /* Project object */;
			proxyType = 1;
			remoteGlobalIDString = 9E5EECA92CC58715004A8C9D;
			remoteInfo = "AI Study App";
		};
/* End PBXContainerItemProxy section */

/* Begin PBXFileReference section */
		9E5EECAA2CC58715004A8C9D /* AI Study App.app */ = {isa = PBXFileReference; explicitFileType = wrapper.application; includeInIndex = 0; path = "AI Study App.app"; sourceTree = BUILT_PRODUCTS_DIR; };
		9E5EECBA2CC58717004A8C9D /* AI Study AppTests.xctest */ = {isa = PBXFileReference; explicitFileType = wrapper.cfbundle; includeInIndex = 0; path = "AI Study AppTests.xctest"; sourceTree = BUILT_PRODUCTS_DIR; };
		9E5EECC42CC58717004A8C9D /* AI Study AppUITests.xctest */ = {isa = PBXFileReference; explicitFileType = wrapper.cfbundle; includeInIndex = 0; path = "AI Study AppUITests.xctest"; sourceTree = BUILT_PRODUCTS_DIR; };
/* End PBXFileReference section */

/* Begin PBXFileSystemSynchronizedRootGroup section */
		9E5EECAC2CC58715004A8C9D /* AI Study App */ = {
			isa = PBXFileSystemSynchronizedRootGroup;
			path = "AI Study App";
			sourceTree = "<group>";
		};
		9E5EECBD2CC58717004A8C9D /* AI Study AppTests */ = {
			isa = PBXFileSystemSynchronizedRootGroup;
			path = "AI Study AppTests";
			sourceTree = "<group>";
		};
		9E5EECC72CC58717004A8C9D /* AI Study AppUITests */ = {
			isa = PBXFileSystemSynchronizedRootGroup;
			path = "AI Study AppUITests";
			sourceTree = "<group>";
		};
/* End PBXFileSystemSynchronizedRootGroup section */

/* Begin PBXFrameworksBuildPhase section */
		9E5EECA72CC58715004A8C9D /* Frameworks */ = {
			isa = PBXFrameworksBuildPhase;
			buildActionMask = 2147483647;
			files = (
			);
			runOnlyForDeploymentPostprocessing = 0;
		};
		9E5EECB72CC58717004A8C9D /* Frameworks */ = {
			isa = PBXFrameworksBuildPhase;
			buildActionMask = 2147483647;
			files = (
			);
			runOnlyForDeploymentPostprocessing = 0;
		};
		9E5EECC12CC58717004A8C9D /* Frameworks */ = {
			isa = PBXFrameworksBuildPhase;
			buildActionMask = 2147483647;
			files = (
			);
			runOnlyForDeploymentPostprocessing = 0;
		};
/* End PBXFrameworksBuildPhase section */

/* Begin PBXGroup section */
		9E5EECA12CC58715004A8C9D = {
			isa = PBXGroup;
			children = (
				9E5EECAC2CC58715004A8C9D /* AI Study App */,
				9E5EECBD2CC58717004A8C9D /* AI Study AppTests */,
				9E5EECC72CC58717004A8C9D /* AI Study AppUITests */,
				9E5EECAB2CC58715004A8C9D /* Products */,
			);
			sourceTree = "<group>";
		};
		9E5EECAB2CC58715004A8C9D /* Products */ = {
			isa = PBXGroup;
			children = (
				9E5EECAA2CC58715004A8C9D /* AI Study App.app */,
				9E5EECBA2CC58717004A8C9D /* AI Study AppTests.xctest */,
				9E5EECC42CC58717004A8C9D /* AI Study AppUITests.xctest */,
			);
			name = Products;
			sourceTree = "<group>";
		};
/* End PBXGroup section */

/* Begin PBXNativeTarget section */
		9E5EECA92CC58715004A8C9D /* AI Study App */ = {
			isa = PBXNativeTarget;
			buildConfigurationList = 9E5EECCE2CC58717004A8C9D /* Build configuration list for PBXNativeTarget "AI Study App" */;
			buildPhases = (
				9E5EECA62CC58715004A8C9D /* Sources */,
				9E5EECA72CC58715004A8C9D /* Frameworks */,
				9E5EECA82CC58715004A8C9D /* Resources */,
			);
			buildRules = (
			);
			dependencies = (
			);
			fileSystemSynchronizedGroups = (
				9E5EECAC2CC58715004A8C9D /* AI Study App */,
			);
			name = "AI Study App";
			packageProductDependencies = (
			);
			productName = "AI Study App";
			productReference = 9E5EECAA2CC58715004A8C9D /* AI Study App.app */;
			productType = "com.apple.product-type.application";
		};
		9E5EECB92CC58717004A8C9D /* AI Study AppTests */ = {
			isa = PBXNativeTarget;
			buildConfigurationList = 9E5EECD12CC58717004A8C9D /* Build configuration list for PBXNativeTarget "AI Study AppTests" */;
			buildPhases = (
				9E5EECB62CC58717004A8C9D /* Sources */,
				9E5EECB72CC58717004A8C9D /* Frameworks */,
				9E5EECB82CC58717004A8C9D /* Resources */,
			);
			buildRules = (
			);
			dependencies = (
				9E5EECBC2CC58717004A8C9D /* PBXTargetDependency */,
			);
			fileSystemSynchronizedGroups = (
				9E5EECBD2CC58717004A8C9D /* AI Study AppTests */,
			);
			name = "AI Study AppTests";
			packageProductDependencies = (
			);
			productName = "AI Study AppTests";
			productReference = 9E5EECBA2CC58717004A8C9D /* AI Study AppTests.xctest */;
			productType = "com.apple.product-type.bundle.unit-test";
		};
		9E5EECC32CC58717004A8C9D /* AI Study AppUITests */ = {
			isa = PBXNativeTarget;
			buildConfigurationList = 9E5EECD42CC58717004A8C9D /* Build configuration list for PBXNativeTarget "AI Study AppUITests" */;
			buildPhases = (
				9E5EECC02CC58717004A8C9D /* Sources */,
				9E5EECC12CC58717004A8C9D /* Frameworks */,
				9E5EECC22CC58717004A8C9D /* Resources */,
			);
			buildRules = (
			);
			dependencies = (
				9E5EECC62CC58717004A8C9D /* PBXTargetDependency */,
			);
			fileSystemSynchronizedGroups = (
				9E5EECC72CC58717004A8C9D /* AI Study AppUITests */,
			);
			name = "AI Study AppUITests";
			packageProductDependencies = (
			);
			productName = "AI Study AppUITests";
			productReference = 9E5EECC42CC58717004A8C9D /* AI Study AppUITests.xctest */;
			productType = "com.apple.product-type.bundle.ui-testing";
		};
/* End PBXNativeTarget section */

/* Begin PBXProject section */
		9E5EECA22CC58715004A8C9D /* Project object */ = {
			isa = PBXProject;
			attributes = {
				BuildIndependentTargetsInParallel = 1;
				LastSwiftUpdateCheck = 1600;
				LastUpgradeCheck = 1600;
				TargetAttributes = {
					9E5EECA92CC58715004A8C9D = {
						CreatedOnToolsVersion = 16.0;
					};
					9E5EECB92CC58717004A8C9D = {
						CreatedOnToolsVersion = 16.0;
						TestTargetID = 9E5EECA92CC58715004A8C9D;
					};
					9E5EECC32CC58717004A8C9D = {
						CreatedOnToolsVersion = 16.0;
						TestTargetID = 9E5EECA92CC58715004A8C9D;
					};
				};
			};
			buildConfigurationList = 9E5EECA52CC58715004A8C9D /* Build configuration list for PBXProject "AI Study App" */;
			developmentRegion = en;
			hasScannedForEncodings = 0;
			knownRegions = (
				en,
				Base,
			);
			mainGroup = 9E5EECA12CC58715004A8C9D;
			minimizedProjectReferenceProxies = 1;
			preferredProjectObjectVersion = 77;
			productRefGroup = 9E5EECAB2CC58715004A8C9D /* Products */;
			projectDirPath = "";
			projectRoot = "";
			targets = (
				9E5EECA92CC58715004A8C9D /* AI Study App */,
				9E5EECB92CC58717004A8C9D /* AI Study AppTests */,
				9E5EECC32CC58717004A8C9D /* AI Study AppUITests */,
			);
		};
/* End PBXProject section */

/* Begin PBXResourcesBuildPhase section */
		9E5EECA82CC58715004A8C9D /* Resources */ = {
			isa = PBXResourcesBuildPhase;
			buildActionMask = 2147483647;
			files = (
			);
			runOnlyForDeploymentPostprocessing = 0;
		};
		9E5EECB82CC58717004A8C9D /* Resources */ = {
			isa = PBXResourcesBuildPhase;
			buildActionMask = 2147483647;
			files = (
			);
			runOnlyForDeploymentPostprocessing = 0;
		};
		9E5EECC22CC58717004A8C9D /* Resources */ = {
			isa = PBXResourcesBuildPhase;
			buildActionMask = 2147483647;
			files = (
			);
			runOnlyForDeploymentPostprocessing = 0;
		};
/* End PBXResourcesBuildPhase section */

/* Begin PBXSourcesBuildPhase section */
		9E5EECA62CC58715004A8C9D /* Sources */ = {
			isa = PBXSourcesBuildPhase;
			buildActionMask = 2147483647;
			files = (
			);
			runOnlyForDeploymentPostprocessing = 0;
		};
		9E5EECB62CC58717004A8C9D /* Sources */ = {
			isa = PBXSourcesBuildPhase;
			buildActionMask = 2147483647;
			files = (
			);
			runOnlyForDeploymentPostprocessing = 0;
		};
		9E5EECC02CC58717004A8C9D /* Sources */ = {
			isa = PBXSourcesBuildPhase;
			buildActionMask = 2147483647;
			files = (
			);
			runOnlyForDeploymentPostprocessing = 0;
		};
/* End PBXSourcesBuildPhase section */

/* Begin PBXTargetDependency section */
		9E5EECBC2CC58717004A8C9D /* PBXTargetDependency */ = {
			isa = PBXTargetDependency;
			target = 9E5EECA92CC58715004A8C9D /* AI Study App */;
			targetProxy = 9E5EECBB2CC58717004A8C9D /* PBXContainerItemProxy */;
		};
		9E5EECC62CC58717004A8C9D /* PBXTargetDependency */ = {
			isa = PBXTargetDependency;
			target = 9E5EECA92CC58715004A8C9D /* AI Study App */;
			targetProxy = 9E5EECC52CC58717004A8C9D /* PBXContainerItemProxy */;
		};
/* End PBXTargetDependency section */

/* Begin XCBuildConfiguration section */
		9E5EECCC2CC58717004A8C9D /* Debug */ = {
			isa = XCBuildConfiguration;
			buildSettings = {
				ALWAYS_SEARCH_USER_PATHS = NO;
				ASSETCATALOG_COMPILER_GENERATE_SWIFT_ASSET_SYMBOL_EXTENSIONS = YES;
				CLANG_ANALYZER_NONNULL = YES;
				CLANG_ANALYZER_NUMBER_OBJECT_CONVERSION = YES_AGGRESSIVE;
				CLANG_CXX_LANGUAGE_STANDARD = "gnu++20";
				CLANG_ENABLE_MODULES = YES;
				CLANG_ENABLE_OBJC_ARC = YES;
				CLANG_ENABLE_OBJC_WEAK = YES;
				CLANG_WARN_BLOCK_CAPTURE_AUTORELEASING = YES;
				CLANG_WARN_BOOL_CONVERSION = YES;
				CLANG_WARN_COMMA = YES;
				CLANG_WARN_CONSTANT_CONVERSION = YES;
				CLANG_WARN_DEPRECATED_OBJC_IMPLEMENTATIONS = YES;
				CLANG_WARN_DIRECT_OBJC_ISA_USAGE = YES_ERROR;
				CLANG_WARN_DOCUMENTATION_COMMENTS = YES;
				CLANG_WARN_EMPTY_BODY = YES;
				CLANG_WARN_ENUM_CONVERSION = YES;
				CLANG_WARN_INFINITE_RECURSION = YES;
				CLANG_WARN_INT_CONVERSION = YES;
				CLANG_WARN_NON_LITERAL_NULL_CONVERSION = YES;
				CLANG_WARN_OBJC_IMPLICIT_RETAIN_SELF = YES;
				CLANG_WARN_OBJC_LITERAL_CONVERSION = YES;
				CLANG_WARN_OBJC_ROOT_CLASS = YES_ERROR;
				CLANG_WARN_QUOTED_INCLUDE_IN_FRAMEWORK_HEADER = YES;
				CLANG_WARN_RANGE_LOOP_ANALYSIS = YES;
				CLANG_WARN_STRICT_PROTOTYPES = YES;
				CLANG_WARN_SUSPICIOUS_MOVE = YES;
				CLANG_WARN_UNGUARDED_AVAILABILITY = YES_AGGRESSIVE;
				CLANG_WARN_UNREACHABLE_CODE = YES;
				CLANG_WARN__DUPLICATE_METHOD_MATCH = YES;
				COPY_PHASE_STRIP = NO;
				DEBUG_INFORMATION_FORMAT = dwarf;
				ENABLE_STRICT_OBJC_MSGSEND = YES;
				ENABLE_TESTABILITY = YES;
				ENABLE_USER_SCRIPT_SANDBOXING = YES;
				GCC_C_LANGUAGE_STANDARD = gnu17;
				GCC_DYNAMIC_NO_PIC = NO;
				GCC_NO_COMMON_BLOCKS = YES;
				GCC_OPTIMIZATION_LEVEL = 0;
				GCC_PREPROCESSOR_DEFINITIONS = (
					"DEBUG=1",
					"$(inherited)",
				);
				GCC_WARN_64_TO_32_BIT_CONVERSION = YES;
				GCC_WARN_ABOUT_RETURN_TYPE = YES_ERROR;
				GCC_WARN_UNDECLARED_SELECTOR = YES;
				GCC_WARN_UNINITIALIZED_AUTOS = YES_AGGRESSIVE;
				GCC_WARN_UNUSED_FUNCTION = YES;
				GCC_WARN_UNUSED_VARIABLE = YES;
				IPHONEOS_DEPLOYMENT_TARGET = 18.0;
				LOCALIZATION_PREFERS_STRING_CATALOGS = YES;
				MTL_ENABLE_DEBUG_INFO = INCLUDE_SOURCE;
				MTL_FAST_MATH = YES;
				ONLY_ACTIVE_ARCH = YES;
				SDKROOT = iphoneos;
				SWIFT_ACTIVE_COMPILATION_CONDITIONS = "DEBUG $(inherited)";
				SWIFT_OPTIMIZATION_LEVEL = "-Onone";
			};
			name = Debug;
		};
		9E5EECCD2CC58717004A8C9D /* Release */ = {
			isa = XCBuildConfiguration;
			buildSettings = {
				ALWAYS_SEARCH_USER_PATHS = NO;
				ASSETCATALOG_COMPILER_GENERATE_SWIFT_ASSET_SYMBOL_EXTENSIONS = YES;
				CLANG_ANALYZER_NONNULL = YES;
				CLANG_ANALYZER_NUMBER_OBJECT_CONVERSION = YES_AGGRESSIVE;
				CLANG_CXX_LANGUAGE_STANDARD = "gnu++20";
				CLANG_ENABLE_MODULES = YES;
				CLANG_ENABLE_OBJC_ARC = YES;
				CLANG_ENABLE_OBJC_WEAK = YES;
				CLANG_WARN_BLOCK_CAPTURE_AUTORELEASING = YES;
				CLANG_WARN_BOOL_CONVERSION = YES;
				CLANG_WARN_COMMA = YES;
				CLANG_WARN_CONSTANT_CONVERSION = YES;
				CLANG_WARN_DEPRECATED_OBJC_IMPLEMENTATIONS = YES;
				CLANG_WARN_DIRECT_OBJC_ISA_USAGE = YES_ERROR;
				CLANG_WARN_DOCUMENTATION_COMMENTS = YES;
				CLANG_WARN_EMPTY_BODY = YES;
				CLANG_WARN_ENUM_CONVERSION = YES;
				CLANG_WARN_INFINITE_RECURSION = YES;
				CLANG_WARN_INT_CONVERSION = YES;
				CLANG_WARN_NON_LITERAL_NULL_CONVERSION = YES;
				CLANG_WARN_OBJC_IMPLICIT_RETAIN_SELF = YES;
				CLANG_WARN_OBJC_LITERAL_CONVERSION = YES;
				CLANG_WARN_OBJC_ROOT_CLASS = YES_ERROR;
				CLANG_WARN_QUOTED_INCLUDE_IN_FRAMEWORK_HEADER = YES;
				CLANG_WARN_RANGE_LOOP_ANALYSIS = YES;
				CLANG_WARN_STRICT_PROTOTYPES = YES;
				CLANG_WARN_SUSPICIOUS_MOVE = YES;
				CLANG_WARN_UNGUARDED_AVAILABILITY = YES_AGGRESSIVE;
				CLANG_WARN_UNREACHABLE_CODE = YES;
				CLANG_WARN__DUPLICATE_METHOD_MATCH = YES;
				COPY_PHASE_STRIP = NO;
				DEBUG_INFORMATION_FORMAT = "dwarf-with-dsym";
				ENABLE_NS_ASSERTIONS = NO;
				ENABLE_STRICT_OBJC_MSGSEND = YES;
				ENABLE_USER_SCRIPT_SANDBOXING = YES;
				GCC_C_LANGUAGE_STANDARD = gnu17;
				GCC_NO_COMMON_BLOCKS = YES;
				GCC_WARN_64_TO_32_BIT_CONVERSION = YES;
				GCC_WARN_ABOUT_RETURN_TYPE = YES_ERROR;
				GCC_WARN_UNDECLARED_SELECTOR = YES;
				GCC_WARN_UNINITIALIZED_AUTOS = YES_AGGRESSIVE;
				GCC_WARN_UNUSED_FUNCTION = YES;
				GCC_WARN_UNUSED_VARIABLE = YES;
				IPHONEOS_DEPLOYMENT_TARGET = 18.0;
				LOCALIZATION_PREFERS_STRING_CATALOGS = YES;
				MTL_ENABLE_DEBUG_INFO = NO;
				MTL_FAST_MATH = YES;
				SDKROOT = iphoneos;
				SWIFT_COMPILATION_MODE = wholemodule;
				VALIDATE_PRODUCT = YES;
			};
			name = Release;
		};
		9E5EECCF2CC58717004A8C9D /* Debug */ = {
			isa = XCBuildConfiguration;
			buildSettings = {
				ASSETCATALOG_COMPILER_APPICON_NAME = AppIcon;
				ASSETCATALOG_COMPILER_GLOBAL_ACCENT_COLOR_NAME = AccentColor;
				CODE_SIGN_STYLE = Automatic;
				CURRENT_PROJECT_VERSION = 1;
				DEVELOPMENT_ASSET_PATHS = "\"AI Study App/Preview Content\"";
				DEVELOPMENT_TEAM = P397P4H5HM;
				ENABLE_PREVIEWS = YES;
				GENERATE_INFOPLIST_FILE = YES;
				INFOPLIST_KEY_UIApplicationSceneManifest_Generation = YES;
				INFOPLIST_KEY_UIApplicationSupportsIndirectInputEvents = YES;
				INFOPLIST_KEY_UILaunchScreen_Generation = YES;
				INFOPLIST_KEY_UISupportedInterfaceOrientations_iPad = "UIInterfaceOrientationPortrait UIInterfaceOrientationPortraitUpsideDown UIInterfaceOrientationLandscapeLeft UIInterfaceOrientationLandscapeRight";
				INFOPLIST_KEY_UISupportedInterfaceOrientations_iPhone = "UIInterfaceOrientationPortrait UIInterfaceOrientationLandscapeLeft UIInterfaceOrientationLandscapeRight";
				LD_RUNPATH_SEARCH_PATHS = (
					"$(inherited)",
					"@executable_path/Frameworks",
				);
				MARKETING_VERSION = 1.0;
				PRODUCT_BUNDLE_IDENTIFIER = "com.sahajkhandelwal.AI-Study-App";
				PRODUCT_NAME = "$(TARGET_NAME)";
				SWIFT_EMIT_LOC_STRINGS = YES;
				SWIFT_VERSION = 5.0;
				TARGETED_DEVICE_FAMILY = "1,2";
			};
			name = Debug;
		};
		9E5EECD02CC58717004A8C9D /* Release */ = {
			isa = XCBuildConfiguration;
			buildSettings = {
				ASSETCATALOG_COMPILER_APPICON_NAME = AppIcon;
				ASSETCATALOG_COMPILER_GLOBAL_ACCENT_COLOR_NAME = AccentColor;
				CODE_SIGN_STYLE = Automatic;
				CURRENT_PROJECT_VERSION = 1;
				DEVELOPMENT_ASSET_PATHS = "\"AI Study App/Preview Content\"";
				DEVELOPMENT_TEAM = P397P4H5HM;
				ENABLE_PREVIEWS = YES;
				GENERATE_INFOPLIST_FILE = YES;
				INFOPLIST_KEY_UIApplicationSceneManifest_Generation = YES;
				INFOPLIST_KEY_UIApplicationSupportsIndirectInputEvents = YES;
				INFOPLIST_KEY_UILaunchScreen_Generation = YES;
				INFOPLIST_KEY_UISupportedInterfaceOrientations_iPad = "UIInterfaceOrientationPortrait UIInterfaceOrientationPortraitUpsideDown UIInterfaceOrientationLandscapeLeft UIInterfaceOrientationLandscapeRight";
				INFOPLIST_KEY_UISupportedInterfaceOrientations_iPhone = "UIInterfaceOrientationPortrait UIInterfaceOrientationLandscapeLeft UIInterfaceOrientationLandscapeRight";
				LD_RUNPATH_SEARCH_PATHS = (
					"$(inherited)",
					"@executable_path/Frameworks",
				);
				MARKETING_VERSION = 1.0;
				PRODUCT_BUNDLE_IDENTIFIER = "com.sahajkhandelwal.AI-Study-App";
				PRODUCT_NAME = "$(TARGET_NAME)";
				SWIFT_EMIT_LOC_STRINGS = YES;
				SWIFT_VERSION = 5.0;
				TARGETED_DEVICE_FAMILY = "1,2";
			};
			name = Release;
		};
		9E5EECD22CC58717004A8C9D /* Debug */ = {
			isa = XCBuildConfiguration;
			buildSettings = {
				BUNDLE_LOADER = "$(TEST_HOST)";
				CODE_SIGN_STYLE = Automatic;
				CURRENT_PROJECT_VERSION = 1;
				DEVELOPMENT_TEAM = P397P4H5HM;
				GENERATE_INFOPLIST_FILE = YES;
				IPHONEOS_DEPLOYMENT_TARGET = 18.0;
				MARKETING_VERSION = 1.0;
				PRODUCT_BUNDLE_IDENTIFIER = "com.sahajkhandelwal.AI-Study-AppTests";
				PRODUCT_NAME = "$(TARGET_NAME)";
				SWIFT_EMIT_LOC_STRINGS = NO;
				SWIFT_VERSION = 5.0;
				TARGETED_DEVICE_FAMILY = "1,2";
				TEST_HOST = "$(BUILT_PRODUCTS_DIR)/AI Study App.app/$(BUNDLE_EXECUTABLE_FOLDER_PATH)/AI Study App";
			};
			name = Debug;
		};
		9E5EECD32CC58717004A8C9D /* Release */ = {
			isa = XCBuildConfiguration;
			buildSettings = {
				BUNDLE_LOADER = "$(TEST_HOST)";
				CODE_SIGN_STYLE = Automatic;
				CURRENT_PROJECT_VERSION = 1;
				DEVELOPMENT_TEAM = P397P4H5HM;
				GENERATE_INFOPLIST_FILE = YES;
				IPHONEOS_DEPLOYMENT_TARGET = 18.0;
				MARKETING_VERSION = 1.0;
				PRODUCT_BUNDLE_IDENTIFIER = "com.sahajkhandelwal.AI-Study-AppTests";
				PRODUCT_NAME = "$(TARGET_NAME)";
				SWIFT_EMIT_LOC_STRINGS = NO;
				SWIFT_VERSION = 5.0;
				TARGETED_DEVICE_FAMILY = "1,2";
				TEST_HOST = "$(BUILT_PRODUCTS_DIR)/AI Study App.app/$(BUNDLE_EXECUTABLE_FOLDER_PATH)/AI Study App";
			};
			name = Release;
		};
		9E5EECD52CC58717004A8C9D /* Debug */ = {
			isa = XCBuildConfiguration;
			buildSettings = {
				CODE_SIGN_STYLE = Automatic;
				CURRENT_PROJECT_VERSION = 1;
				DEVELOPMENT_TEAM = P397P4H5HM;
				GENERATE_INFOPLIST_FILE = YES;
				MARKETING_VERSION = 1.0;
				PRODUCT_BUNDLE_IDENTIFIER = "com.sahajkhandelwal.AI-Study-AppUITests";
				PRODUCT_NAME = "$(TARGET_NAME)";
				SWIFT_EMIT_LOC_STRINGS = NO;
				SWIFT_VERSION = 5.0;
				TARGETED_DEVICE_FAMILY = "1,2";
				TEST_TARGET_NAME = "AI Study App";
			};
			name = Debug;
		};
		9E5EECD62CC58717004A8C9D /* Release */ = {
			isa = XCBuildConfiguration;
			buildSettings = {
				CODE_SIGN_STYLE = Automatic;
				CURRENT_PROJECT_VERSION = 1;
				DEVELOPMENT_TEAM = P397P4H5HM;
				GENERATE_INFOPLIST_FILE = YES;
				MARKETING_VERSION = 1.0;
				PRODUCT_BUNDLE_IDENTIFIER = "com.sahajkhandelwal.AI-Study-AppUITests";
				PRODUCT_NAME = "$(TARGET_NAME)";
				SWIFT_EMIT_LOC_STRINGS = NO;
				SWIFT_VERSION = 5.0;
				TARGETED_DEVICE_FAMILY = "1,2";
				TEST_TARGET_NAME = "AI Study App";
			};
			name = Release;
		};
/* End XCBuildConfiguration section */

/* Begin XCConfigurationList section */
		9E5EECA52CC58715004A8C9D /* Build configuration list for PBXProject "AI Study App" */ = {
			isa = XCConfigurationList;
			buildConfigurations = (
				9E5EECCC2CC58717004A8C9D /* Debug */,
				9E5EECCD2CC58717004A8C9D /* Release */,
			);
			defaultConfigurationIsVisible = 0;
			defaultConfigurationName = Release;
		};
		9E5EECCE2CC58717004A8C9D /* Build configuration list for PBXNativeTarget "AI Study App" */ = {
			isa = XCConfigurationList;
			buildConfigurations = (
				9E5EECCF2CC58717004A8C9D /* Debug */,
				9E5EECD02CC58717004A8C9D /* Release */,
			);
			defaultConfigurationIsVisible = 0;
			defaultConfigurationName = Release;
		};
		9E5EECD12CC58717004A8C9D /* Build configuration list for PBXNativeTarget "AI Study AppTests" */ = {
			isa = XCConfigurationList;
			buildConfigurations = (
				9E5EECD22CC58717004A8C9D /* Debug */,
				9E5EECD32CC58717004A8C9D /* Release */,
			);
			defaultConfigurationIsVisible = 0;
			defaultConfigurationName = Release;
		};
		9E5EECD42CC58717004A8C9D /* Build configuration list for PBXNativeTarget "AI Study AppUITests" */ = {
			isa = XCConfigurationList;
			buildConfigurations = (
				9E5EECD52CC58717004A8C9D /* Debug */,
				9E5EECD62CC58717004A8C9D /* Release */,
			);
			defaultConfigurationIsVisible = 0;
			defaultConfigurationName = Release;
		};
/* End XCConfigurationList section */
	};
	rootObject = 9E5EECA22CC58715004A8C9D /* Project object */;
}
